// !$*UTF8*$!
{
	archiveVersion = 1;
	classes = {
	};
	objectVersion = 55;
	objects = {

/* Begin PBXBuildFile section */
		E749606427EBDE9400B8BD9E /* APC_1345-2.dng in Resources */ = {isa = PBXBuildFile; fileRef = E749606327EBDE9400B8BD9E /* APC_1345-2.dng */; };
		E7509C7A280723C8003EE740 /* Neutral_LUT_144.png in Resources */ = {isa = PBXBuildFile; fileRef = E7509C79280723C8003EE740 /* Neutral_LUT_144.png */; };
		E7509C7C2807599D003EE740 /* Neutral_LUT_64.png in Resources */ = {isa = PBXBuildFile; fileRef = E7509C7B2807599D003EE740 /* Neutral_LUT_64.png */; };
		E7509C8028075C57003EE740 /* Neutral_LUT_128.png in Resources */ = {isa = PBXBuildFile; fileRef = E7509C7F28075C57003EE740 /* Neutral_LUT_128.png */; };
		E7509C8228076708003EE740 /* Neutral_LUT_256.png in Resources */ = {isa = PBXBuildFile; fileRef = E7509C8128076708003EE740 /* Neutral_LUT_256.png */; };
		E7846AD828050EDD00120254 /* ColorCube.ci.metal in Sources */ = {isa = PBXBuildFile; fileRef = E7846AD728050EDD00120254 /* ColorCube.ci.metal */; };
		E7A1D973273489F200E8E64E /* MetalKernelsApp.swift in Sources */ = {isa = PBXBuildFile; fileRef = E7A1D972273489F200E8E64E /* MetalKernelsApp.swift */; };
		E7A1D975273489F200E8E64E /* ContentView.swift in Sources */ = {isa = PBXBuildFile; fileRef = E7A1D974273489F200E8E64E /* ContentView.swift */; };
		E7A1D977273489F400E8E64E /* Assets.xcassets in Resources */ = {isa = PBXBuildFile; fileRef = E7A1D976273489F400E8E64E /* Assets.xcassets */; };
		E7A1D97A273489F400E8E64E /* Preview Assets.xcassets in Resources */ = {isa = PBXBuildFile; fileRef = E7A1D979273489F400E8E64E /* Preview Assets.xcassets */; };
		E7A1D98427348A8900E8E64E /* Helpers.swift in Sources */ = {isa = PBXBuildFile; fileRef = E7A1D98327348A8900E8E64E /* Helpers.swift */; };
/* End PBXBuildFile section */

/* Begin PBXBuildRule section */
		E7A1D98527348AC200E8E64E /* PBXBuildRule */ = {
			isa = PBXBuildRule;
			compilerSpec = com.apple.compilers.proxy.script;
			filePatterns = "*.ci.metal";
			fileType = pattern.proxy;
			inputFiles = (
			);
			isEditable = 1;
			outputFiles = (
				"$(DERIVED_FILE_DIR)/${INPUT_FILE_BASE}.air",
			);
			runOncePerArchitecture = 0;
			script = "xcrun metal -c -fcikernel \"${INPUT_FILE_PATH}\" \\\n  -o \"${SCRIPT_OUTPUT_FILE_0}\"\n";
		};
		E7A1D98627348B7500E8E64E /* PBXBuildRule */ = {
			isa = PBXBuildRule;
			compilerSpec = com.apple.compilers.proxy.script;
			filePatterns = "*.ci.air";
			fileType = pattern.proxy;
			inputFiles = (
			);
			isEditable = 1;
			outputFiles = (
				"$(METAL_LIBRARY_OUTPUT_DIR)/$(INPUT_FILE_BASE).metallib",
			);
			runOncePerArchitecture = 0;
			script = "xcrun metallib -cikernel \"${INPUT_FILE_PATH}\" -o \"${SCRIPT_OUTPUT_FILE_0}\"\n";
		};
/* End PBXBuildRule section */

/* Begin PBXFileReference section */
		E749606327EBDE9400B8BD9E /* APC_1345-2.dng */ = {isa = PBXFileReference; lastKnownFileType = file; path = "APC_1345-2.dng"; sourceTree = "<group>"; };
		E7509C79280723C8003EE740 /* Neutral_LUT_144.png */ = {isa = PBXFileReference; lastKnownFileType = image.png; path = Neutral_LUT_144.png; sourceTree = "<group>"; };
		E7509C7B2807599D003EE740 /* Neutral_LUT_64.png */ = {isa = PBXFileReference; lastKnownFileType = image.png; path = Neutral_LUT_64.png; sourceTree = "<group>"; };
		E7509C7F28075C57003EE740 /* Neutral_LUT_128.png */ = {isa = PBXFileReference; lastKnownFileType = image.png; path = Neutral_LUT_128.png; sourceTree = "<group>"; };
		E7509C8128076708003EE740 /* Neutral_LUT_256.png */ = {isa = PBXFileReference; lastKnownFileType = image.png; path = Neutral_LUT_256.png; sourceTree = "<group>"; };
		E7846AD728050EDD00120254 /* ColorCube.ci.metal */ = {isa = PBXFileReference; lastKnownFileType = sourcecode.metal; path = ColorCube.ci.metal; sourceTree = "<group>"; };
		E7A1D96F273489F200E8E64E /* MetalKernels.app */ = {isa = PBXFileReference; explicitFileType = wrapper.application; includeInIndex = 0; path = MetalKernels.app; sourceTree = BUILT_PRODUCTS_DIR; };
		E7A1D972273489F200E8E64E /* MetalKernelsApp.swift */ = {isa = PBXFileReference; lastKnownFileType = sourcecode.swift; path = MetalKernelsApp.swift; sourceTree = "<group>"; };
		E7A1D974273489F200E8E64E /* ContentView.swift */ = {isa = PBXFileReference; lastKnownFileType = sourcecode.swift; path = ContentView.swift; sourceTree = "<group>"; };
		E7A1D976273489F400E8E64E /* Assets.xcassets */ = {isa = PBXFileReference; lastKnownFileType = folder.assetcatalog; path = Assets.xcassets; sourceTree = "<group>"; };
		E7A1D979273489F400E8E64E /* Preview Assets.xcassets */ = {isa = PBXFileReference; lastKnownFileType = folder.assetcatalog; path = "Preview Assets.xcassets"; sourceTree = "<group>"; };
		E7A1D98027348A0400E8E64E /* Info.plist */ = {isa = PBXFileReference; lastKnownFileType = text.plist; path = Info.plist; sourceTree = "<group>"; };
		E7A1D98327348A8900E8E64E /* Helpers.swift */ = {isa = PBXFileReference; fileEncoding = 4; lastKnownFileType = sourcecode.swift; path = Helpers.swift; sourceTree = "<group>"; };
/* End PBXFileReference section */

/* Begin PBXFrameworksBuildPhase section */
		E7A1D96C273489F200E8E64E /* Frameworks */ = {
			isa = PBXFrameworksBuildPhase;
			buildActionMask = 2147483647;
			files = (
			);
			runOnlyForDeploymentPostprocessing = 0;
		};
/* End PBXFrameworksBuildPhase section */

/* Begin PBXGroup section */
		E7A1D966273489F200E8E64E = {
			isa = PBXGroup;
			children = (
				E7A1D971273489F200E8E64E /* MetalKernels */,
				E7A1D970273489F200E8E64E /* Products */,
			);
			sourceTree = "<group>";
		};
		E7A1D970273489F200E8E64E /* Products */ = {
			isa = PBXGroup;
			children = (
				E7A1D96F273489F200E8E64E /* MetalKernels.app */,
			);
			name = Products;
			sourceTree = "<group>";
		};
		E7A1D971273489F200E8E64E /* MetalKernels */ = {
			isa = PBXGroup;
			children = (
				E7A1D98027348A0400E8E64E /* Info.plist */,
				E749606327EBDE9400B8BD9E /* APC_1345-2.dng */,
				E7509C7B2807599D003EE740 /* Neutral_LUT_64.png */,
				E7509C7F28075C57003EE740 /* Neutral_LUT_128.png */,
				E7509C79280723C8003EE740 /* Neutral_LUT_144.png */,
				E7509C8128076708003EE740 /* Neutral_LUT_256.png */,
				E7A1D972273489F200E8E64E /* MetalKernelsApp.swift */,
				E7A1D974273489F200E8E64E /* ContentView.swift */,
				E7A1D98327348A8900E8E64E /* Helpers.swift */,
				E7846AD728050EDD00120254 /* ColorCube.ci.metal */,
				E7A1D976273489F400E8E64E /* Assets.xcassets */,
				E7A1D978273489F400E8E64E /* Preview Content */,
			);
			path = MetalKernels;
			sourceTree = "<group>";
		};
		E7A1D978273489F400E8E64E /* Preview Content */ = {
			isa = PBXGroup;
			children = (
				E7A1D979273489F400E8E64E /* Preview Assets.xcassets */,
			);
			path = "Preview Content";
			sourceTree = "<group>";
		};
/* End PBXGroup section */

/* Begin PBXNativeTarget section */
		E7A1D96E273489F200E8E64E /* MetalKernels */ = {
			isa = PBXNativeTarget;
			buildConfigurationList = E7A1D97D273489F400E8E64E /* Build configuration list for PBXNativeTarget "MetalKernels" */;
			buildPhases = (
				E7A1D96B273489F200E8E64E /* Sources */,
				E7A1D96C273489F200E8E64E /* Frameworks */,
				E7A1D96D273489F200E8E64E /* Resources */,
			);
			buildRules = (
				E7A1D98627348B7500E8E64E /* PBXBuildRule */,
				E7A1D98527348AC200E8E64E /* PBXBuildRule */,
			);
			dependencies = (
			);
			name = MetalKernels;
			productName = MetalKernels;
			productReference = E7A1D96F273489F200E8E64E /* MetalKernels.app */;
			productType = "com.apple.product-type.application";
		};
/* End PBXNativeTarget section */

/* Begin PBXProject section */
		E7A1D967273489F200E8E64E /* Project object */ = {
			isa = PBXProject;
			attributes = {
				BuildIndependentTargetsInParallel = 1;
				LastSwiftUpdateCheck = 1310;
				LastUpgradeCheck = 1310;
				TargetAttributes = {
					E7A1D96E273489F200E8E64E = {
						CreatedOnToolsVersion = 13.1;
					};
				};
			};
			buildConfigurationList = E7A1D96A273489F200E8E64E /* Build configuration list for PBXProject "MetalKernels" */;
			compatibilityVersion = "Xcode 13.0";
			developmentRegion = en;
			hasScannedForEncodings = 0;
			knownRegions = (
				en,
				Base,
			);
			mainGroup = E7A1D966273489F200E8E64E;
			productRefGroup = E7A1D970273489F200E8E64E /* Products */;
			projectDirPath = "";
			projectRoot = "";
			targets = (
				E7A1D96E273489F200E8E64E /* MetalKernels */,
			);
		};
/* End PBXProject section */

/* Begin PBXResourcesBuildPhase section */
		E7A1D96D273489F200E8E64E /* Resources */ = {
			isa = PBXResourcesBuildPhase;
			buildActionMask = 2147483647;
			files = (
				E7509C7C2807599D003EE740 /* Neutral_LUT_64.png in Resources */,
				E7509C7A280723C8003EE740 /* Neutral_LUT_144.png in Resources */,
				E7A1D97A273489F400E8E64E /* Preview Assets.xcassets in Resources */,
				E7509C8028075C57003EE740 /* Neutral_LUT_128.png in Resources */,
				E749606427EBDE9400B8BD9E /* APC_1345-2.dng in Resources */,
				E7A1D977273489F400E8E64E /* Assets.xcassets in Resources */,
				E7509C8228076708003EE740 /* Neutral_LUT_256.png in Resources */,
			);
			runOnlyForDeploymentPostprocessing = 0;
		};
/* End PBXResourcesBuildPhase section */

/* Begin PBXSourcesBuildPhase section */
		E7A1D96B273489F200E8E64E /* Sources */ = {
			isa = PBXSourcesBuildPhase;
			buildActionMask = 2147483647;
			files = (
				E7846AD828050EDD00120254 /* ColorCube.ci.metal in Sources */,
				E7A1D975273489F200E8E64E /* ContentView.swift in Sources */,
				E7A1D973273489F200E8E64E /* MetalKernelsApp.swift in Sources */,
				E7A1D98427348A8900E8E64E /* Helpers.swift in Sources */,
			);
			runOnlyForDeploymentPostprocessing = 0;
		};
/* End PBXSourcesBuildPhase section */

/* Begin XCBuildConfiguration section */
		E7A1D97B273489F400E8E64E /* Debug */ = {
			isa = XCBuildConfiguration;
			buildSettings = {
				ALWAYS_SEARCH_USER_PATHS = NO;
				CLANG_ANALYZER_NONNULL = YES;
				CLANG_ANALYZER_NUMBER_OBJECT_CONVERSION = YES_AGGRESSIVE;
				CLANG_CXX_LANGUAGE_STANDARD = "gnu++17";
				CLANG_CXX_LIBRARY = "libc++";
				CLANG_ENABLE_MODULES = YES;
				CLANG_ENABLE_OBJC_ARC = YES;
				CLANG_ENABLE_OBJC_WEAK = YES;
				CLANG_WARN_BLOCK_CAPTURE_AUTORELEASING = YES;
				CLANG_WARN_BOOL_CONVERSION = YES;
				CLANG_WARN_COMMA = YES;
				CLANG_WARN_CONSTANT_CONVERSION = YES;
				CLANG_WARN_DEPRECATED_OBJC_IMPLEMENTATIONS = YES;
				CLANG_WARN_DIRECT_OBJC_ISA_USAGE = YES_ERROR;
				CLANG_WARN_DOCUMENTATION_COMMENTS = YES;
				CLANG_WARN_EMPTY_BODY = YES;
				CLANG_WARN_ENUM_CONVERSION = YES;
				CLANG_WARN_INFINITE_RECURSION = YES;
				CLANG_WARN_INT_CONVERSION = YES;
				CLANG_WARN_NON_LITERAL_NULL_CONVERSION = YES;
				CLANG_WARN_OBJC_IMPLICIT_RETAIN_SELF = YES;
				CLANG_WARN_OBJC_LITERAL_CONVERSION = YES;
				CLANG_WARN_OBJC_ROOT_CLASS = YES_ERROR;
				CLANG_WARN_QUOTED_INCLUDE_IN_FRAMEWORK_HEADER = YES;
				CLANG_WARN_RANGE_LOOP_ANALYSIS = YES;
				CLANG_WARN_STRICT_PROTOTYPES = YES;
				CLANG_WARN_SUSPICIOUS_MOVE = YES;
				CLANG_WARN_UNGUARDED_AVAILABILITY = YES_AGGRESSIVE;
				CLANG_WARN_UNREACHABLE_CODE = YES;
				CLANG_WARN__DUPLICATE_METHOD_MATCH = YES;
				COPY_PHASE_STRIP = NO;
				DEBUG_INFORMATION_FORMAT = dwarf;
				ENABLE_STRICT_OBJC_MSGSEND = YES;
				ENABLE_TESTABILITY = YES;
				GCC_C_LANGUAGE_STANDARD = gnu11;
				GCC_DYNAMIC_NO_PIC = NO;
				GCC_NO_COMMON_BLOCKS = YES;
				GCC_OPTIMIZATION_LEVEL = 0;
				GCC_PREPROCESSOR_DEFINITIONS = (
					"DEBUG=1",
					"$(inherited)",
				);
				GCC_WARN_64_TO_32_BIT_CONVERSION = YES;
				GCC_WARN_ABOUT_RETURN_TYPE = YES_ERROR;
				GCC_WARN_UNDECLARED_SELECTOR = YES;
				GCC_WARN_UNINITIALIZED_AUTOS = YES_AGGRESSIVE;
				GCC_WARN_UNUSED_FUNCTION = YES;
				GCC_WARN_UNUSED_VARIABLE = YES;
				IPHONEOS_DEPLOYMENT_TARGET = 15.0;
				MTL_ENABLE_DEBUG_INFO = INCLUDE_SOURCE;
				MTL_FAST_MATH = YES;
				ONLY_ACTIVE_ARCH = YES;
				SDKROOT = iphoneos;
				SWIFT_ACTIVE_COMPILATION_CONDITIONS = DEBUG;
				SWIFT_OPTIMIZATION_LEVEL = "-Onone";
			};
			name = Debug;
		};
		E7A1D97C273489F400E8E64E /* Release */ = {
			isa = XCBuildConfiguration;
			buildSettings = {
				ALWAYS_SEARCH_USER_PATHS = NO;
				CLANG_ANALYZER_NONNULL = YES;
				CLANG_ANALYZER_NUMBER_OBJECT_CONVERSION = YES_AGGRESSIVE;
				CLANG_CXX_LANGUAGE_STANDARD = "gnu++17";
				CLANG_CXX_LIBRARY = "libc++";
				CLANG_ENABLE_MODULES = YES;
				CLANG_ENABLE_OBJC_ARC = YES;
				CLANG_ENABLE_OBJC_WEAK = YES;
				CLANG_WARN_BLOCK_CAPTURE_AUTORELEASING = YES;
				CLANG_WARN_BOOL_CONVERSION = YES;
				CLANG_WARN_COMMA = YES;
				CLANG_WARN_CONSTANT_CONVERSION = YES;
				CLANG_WARN_DEPRECATED_OBJC_IMPLEMENTATIONS = YES;
				CLANG_WARN_DIRECT_OBJC_ISA_USAGE = YES_ERROR;
				CLANG_WARN_DOCUMENTATION_COMMENTS = YES;
				CLANG_WARN_EMPTY_BODY = YES;
				CLANG_WARN_ENUM_CONVERSION = YES;
				CLANG_WARN_INFINITE_RECURSION = YES;
				CLANG_WARN_INT_CONVERSION = YES;
				CLANG_WARN_NON_LITERAL_NULL_CONVERSION = YES;
				CLANG_WARN_OBJC_IMPLICIT_RETAIN_SELF = YES;
				CLANG_WARN_OBJC_LITERAL_CONVERSION = YES;
				CLANG_WARN_OBJC_ROOT_CLASS = YES_ERROR;
				CLANG_WARN_QUOTED_INCLUDE_IN_FRAMEWORK_HEADER = YES;
				CLANG_WARN_RANGE_LOOP_ANALYSIS = YES;
				CLANG_WARN_STRICT_PROTOTYPES = YES;
				CLANG_WARN_SUSPICIOUS_MOVE = YES;
				CLANG_WARN_UNGUARDED_AVAILABILITY = YES_AGGRESSIVE;
				CLANG_WARN_UNREACHABLE_CODE = YES;
				CLANG_WARN__DUPLICATE_METHOD_MATCH = YES;
				COPY_PHASE_STRIP = NO;
				DEBUG_INFORMATION_FORMAT = "dwarf-with-dsym";
				ENABLE_NS_ASSERTIONS = NO;
				ENABLE_STRICT_OBJC_MSGSEND = YES;
				GCC_C_LANGUAGE_STANDARD = gnu11;
				GCC_NO_COMMON_BLOCKS = YES;
				GCC_WARN_64_TO_32_BIT_CONVERSION = YES;
				GCC_WARN_ABOUT_RETURN_TYPE = YES_ERROR;
				GCC_WARN_UNDECLARED_SELECTOR = YES;
				GCC_WARN_UNINITIALIZED_AUTOS = YES_AGGRESSIVE;
				GCC_WARN_UNUSED_FUNCTION = YES;
				GCC_WARN_UNUSED_VARIABLE = YES;
				IPHONEOS_DEPLOYMENT_TARGET = 15.0;
				MTL_ENABLE_DEBUG_INFO = NO;
				MTL_FAST_MATH = YES;
				SDKROOT = iphoneos;
				SWIFT_COMPILATION_MODE = wholemodule;
				SWIFT_OPTIMIZATION_LEVEL = "-O";
				VALIDATE_PRODUCT = YES;
			};
			name = Release;
		};
		E7A1D97E273489F400E8E64E /* Debug */ = {
			isa = XCBuildConfiguration;
			buildSettings = {
				ASSETCATALOG_COMPILER_APPICON_NAME = AppIcon;
				ASSETCATALOG_COMPILER_GLOBAL_ACCENT_COLOR_NAME = AccentColor;
				CODE_SIGN_STYLE = Automatic;
				CURRENT_PROJECT_VERSION = 1;
				DEVELOPMENT_ASSET_PATHS = "\"MetalKernels/Preview Content\"";
				DEVELOPMENT_TEAM = ZKBU9ZVL37;
				ENABLE_PREVIEWS = YES;
				GENERATE_INFOPLIST_FILE = YES;
				INFOPLIST_FILE = MetalKernels/Info.plist;
				INFOPLIST_KEY_CFBundleDisplayName = "Metal Kernel";
				INFOPLIST_KEY_UIApplicationSupportsIndirectInputEvents = YES;
				INFOPLIST_KEY_UILaunchScreen_Generation = YES;
				INFOPLIST_KEY_UIRequiresFullScreen = YES;
				INFOPLIST_KEY_UISupportedInterfaceOrientations_iPad = "UIInterfaceOrientationLandscapeLeft UIInterfaceOrientationLandscapeRight UIInterfaceOrientationPortrait UIInterfaceOrientationPortraitUpsideDown";
				INFOPLIST_KEY_UISupportedInterfaceOrientations_iPhone = "UIInterfaceOrientationPortrait UIInterfaceOrientationLandscapeLeft UIInterfaceOrientationLandscapeRight";
				IPHONEOS_DEPLOYMENT_TARGET = 14.0;
				LD_RUNPATH_SEARCH_PATHS = (
					"$(inherited)",
					"@executable_path/Frameworks",
				);
				MARKETING_VERSION = 1.0;
				PRODUCT_BUNDLE_IDENTIFIER = "Vladimir-Kostin.MetalKernels";
				PRODUCT_NAME = "$(TARGET_NAME)";
				SWIFT_EMIT_LOC_STRINGS = YES;
				SWIFT_VERSION = 5.0;
				TARGETED_DEVICE_FAMILY = "1,2";
			};
			name = Debug;
		};
		E7A1D97F273489F400E8E64E /* Release */ = {
			isa = XCBuildConfiguration;
			buildSettings = {
				ASSETCATALOG_COMPILER_APPICON_NAME = AppIcon;
				ASSETCATALOG_COMPILER_GLOBAL_ACCENT_COLOR_NAME = AccentColor;
				CODE_SIGN_STYLE = Automatic;
				CURRENT_PROJECT_VERSION = 1;
				DEVELOPMENT_ASSET_PATHS = "\"MetalKernels/Preview Content\"";
				DEVELOPMENT_TEAM = ZKBU9ZVL37;
				ENABLE_PREVIEWS = YES;
				GENERATE_INFOPLIST_FILE = YES;
				INFOPLIST_FILE = MetalKernels/Info.plist;
				INFOPLIST_KEY_CFBundleDisplayName = "Metal Kernel";
				INFOPLIST_KEY_UIApplicationSupportsIndirectInputEvents = YES;
				INFOPLIST_KEY_UILaunchScreen_Generation = YES;
				INFOPLIST_KEY_UIRequiresFullScreen = YES;
				INFOPLIST_KEY_UISupportedInterfaceOrientations_iPad = "UIInterfaceOrientationLandscapeLeft UIInterfaceOrientationLandscapeRight UIInterfaceOrientationPortrait UIInterfaceOrientationPortraitUpsideDown";
				INFOPLIST_KEY_UISupportedInterfaceOrientations_iPhone = "UIInterfaceOrientationPortrait UIInterfaceOrientationLandscapeLeft UIInterfaceOrientationLandscapeRight";
				IPHONEOS_DEPLOYMENT_TARGET = 14.0;
				LD_RUNPATH_SEARCH_PATHS = (
					"$(inherited)",
					"@executable_path/Frameworks",
				);
				MARKETING_VERSION = 1.0;
				PRODUCT_BUNDLE_IDENTIFIER = "Vladimir-Kostin.MetalKernels";
				PRODUCT_NAME = "$(TARGET_NAME)";
				SWIFT_EMIT_LOC_STRINGS = YES;
				SWIFT_VERSION = 5.0;
				TARGETED_DEVICE_FAMILY = "1,2";
			};
			name = Release;
		};
/* End XCBuildConfiguration section */

/* Begin XCConfigurationList section */
		E7A1D96A273489F200E8E64E /* Build configuration list for PBXProject "MetalKernels" */ = {
			isa = XCConfigurationList;
			buildConfigurations = (
				E7A1D97B273489F400E8E64E /* Debug */,
				E7A1D97C273489F400E8E64E /* Release */,
			);
			defaultConfigurationIsVisible = 0;
			defaultConfigurationName = Release;
		};
		E7A1D97D273489F400E8E64E /* Build configuration list for PBXNativeTarget "MetalKernels" */ = {
			isa = XCConfigurationList;
			buildConfigurations = (
				E7A1D97E273489F400E8E64E /* Debug */,
				E7A1D97F273489F400E8E64E /* Release */,
			);
			defaultConfigurationIsVisible = 0;
			defaultConfigurationName = Release;
		};
/* End XCConfigurationList section */
	};
	rootObject = E7A1D967273489F200E8E64E /* Project object */;
}
